
Microsoft Visual Studio Solution File, Format Version 12.00
# Visual Studio Version 17
VisualStudioVersion = 17.8.34511.84
MinimumVisualStudioVersion = 10.0.40219.1
Project("{FAE04EC0-301F-11D3-BF4B-00C04F79EFBC}") = "MyFirstApp", "MyFirstApp\MyFirstApp.csproj", "{AACFEA8C-C2CE-460C-8E13-15A2A08FB9B0}"
EndProject
Global
	GlobalSection(SolutionConfigurationPlatforms) = preSolution
		Debug|Any CPU = Debug|Any CPU
		Release|Any CPU = Release|Any CPU
	EndGlobalSection
	GlobalSection(ProjectConfigurationPlatforms) = postSolution
		{AACFEA8C-C2CE-460C-8E13-15A2A08FB9B0}.Debug|Any CPU.ActiveCfg = Debug|Any CPU
		{AACFEA8C-C2CE-460C-8E13-15A2A08FB9B0}.Debug|Any CPU.Build.0 = Debug|Any CPU
		{AACFEA8C-C2CE-460C-8E13-15A2A08FB9B0}.Release|Any CPU.ActiveCfg = Release|Any CPU
		{AACFEA8C-C2CE-460C-8E13-15A2A08FB9B0}.Release|Any CPU.Build.0 = Release|Any CPU
	EndGlobalSection
	GlobalSection(SolutionProperties) = preSolution
		HideSolutionNode = FALSE
	EndGlobalSection
	GlobalSection(ExtensibilityGlobals) = postSolution
		SolutionGuid = {BEC23822-E3FC-474C-BAD2-9B85EC3DB816}
	EndGlobalSection
EndGlobal
